github.com/boltdb/bolt v1.3.1 h1:JQmyP4ZBrce+ZQu0dY660FMfatumYDLun9hBCUVIkF4=
github.com/boltdb/bolt v1.3.1/go.mod h1:clJnj/oiGkjum5o1McbSZDSLxVThjynRyGBgiAx27Ps=
github.com/creack/goselect v0.0.0-20180501195510-58854f77ee8d h1:6o8WW5zZ+Ny9sbk69epnAPmBzrBaRnvci+l4+pqleeY=
github.com/creack/goselect v0.0.0-20180501195510-58854f77ee8d/go.mod h1:gHrIcH/9UZDn2qgeTUeW5K9eZsVYCH6/60J/FHysWyE=
github.com/go-ble/ble v0.0.0-20181002102605-e78417b510a3 h1:rsLGztXl2QJvj4x/PAWzC1Zx6tnTDKlosaXAZfaXM8M=
github.com/go-ble/ble v0.0.0-20181002102605-e78417b510a3/go.mod h1:UMPB54/KFpdTdfH7Yovhk3J6kzgzE88e3QZi8cbayis=
github.com/go-sql-driver/mysql v1.4.0/go.mod h1:zAC/RDZ24gD3HViQzih4MyKcchzm+sOG5ZlKdlhCg5w=
github.com/gorilla/mux v1.6.2 h1:Pgr17XVTNXAk3q/r4CpKzC5xBM/qW1uVLV+IhRZpIIk=
github.com/gorilla/mux v1.6.2/go.mod h1:1lud6UwP+6orDFRuTfBEV8e9/aOM/c4fVVCaMa2zaAs=
github.com/hashicorp/errwrap v1.0.0 h1:hLrqtEDnRye3+sgx6z4qVLNuviH3MR5aQ0ykNJa/UYA=
github.com/hashicorp/errwrap v1.0.0/go.mod h1:YH+1FKiLXxHSkmPseP+kNlulaMuP3n2brvKWEqk/Jc4=
github.com/hashicorp/go-multierror v1.0.0 h1:iVjPR7a6H0tWELX5NxNe7bYopibicUzc7uPribsnS6o=
github.com/hashicorp/go-multierror v1.0.0/go.mod h1:dHtQlpGsu+cZNNAkkCN/P3hoUDHhCYQXV3UM06sGGrk=
github.com/jmoiron/sqlx v1.2.0 h1:41Ip0zITnmWNR/vHV+S4m+VoUivnWY5E4OJfLZjCJMA=
github.com/jmoiron/sqlx v1.2.0/go.mod h1:1FEQNm3xlJgrMD+FBdI9+xvCksHtbpVBBw5dYhBSsks=
github.com/lib/pq v1.0.0/go.mod h1:5WUZQaWbwv1U+lTReE5YruASi9Al49XbQIvNi/34Woo=
github.com/mattn/go-colorable v0.0.9 h1:UVL0vNpWh04HeJXV0KLcaT7r06gOH2l4OW6ddYRUIY4=
github.com/mattn/go-colorable v0.0.9/go.mod h1:9vuHe8Xs5qXnSaW/c/ABM9alt+Vo+STaOChaDxuIBZU=
github.com/mattn/go-isatty v0.0.4 h1:bnP0vzxcAdeI1zdubAl5PjU6zsERjGZb7raWodagDYs=
github.com/mattn/go-isatty v0.0.4/go.mod h1:M+lRXTBqGeGNdLjl/ufCoiOlB5xdOkqRJdNxMWT7Zi4=
github.com/mattn/go-sqlite3 v1.9.0/go.mod h1:FPy6KqzDD04eiIsT53CuJW3U88zkxoIYsOqkbpncsNc=
github.com/mattn/go-sqlite3 v1.10.0 h1:jbhqpg7tQe4SupckyijYiy0mJJ/pRyHvXf7JdWK860o=
github.com/mattn/go-sqlite3 v1.10.0/go.mod h1:FPy6KqzDD04eiIsT53CuJW3U88zkxoIYsOqkbpncsNc=
github.com/mgutz/ansi v0.0.0-20170206155736-9520e82c474b h1:j7+1HpAFS1zy5+Q4qx1fWh90gTKwiN4QCGoY9TWyyO4=
github.com/mgutz/ansi v0.0.0-20170206155736-9520e82c474b/go.mod h1:01TrycV0kFyexm33Z7vhZRXopbI8J3TDReVlkTgMUxE=
github.com/mgutz/logxi v0.0.0-20161027140823-aebf8a7d67ab h1:n8cgpHzJ5+EDyDri2s/GC7a9+qK3/YEGnBsd0uS/8PY=
github.com/mgutz/logxi v0.0.0-20161027140823-aebf8a7d67ab/go.mod h1:y1pL58r5z2VvAjeG1VLGc8zOQgSOzbKN7kMHPvFXJ+8=
github.com/pkg/errors v0.8.0 h1:WdK/asTD0HN+q6hsWO3/vpuAkAr+tw6aNJNDFFf0+qw=
github.com/pkg/errors v0.8.0/go.mod h1:bwawxfHBFNV+L2hUp1rHADufV3IMtnDRdf1r5NINEl0=
github.com/sigurn/crc8 v0.0.0-20160107002456-e55481d6f45c h1:hk0Jigjfq59yDMgd6bzi22Das5tyxU0CtOkh7a9io84=
github.com/sigurn/crc8 v0.0.0-20160107002456-e55481d6f45c/go.mod h1:cyrWuItcOVIGX6fBZ/G00z4ykprWM7hH58fSavNkjRg=
github.com/sigurn/utils v0.0.0-20151230205143-f19e41f79f8f h1:fKe0QdNJw68NO8iUdbC+jlwaA7/pA8sw0caZkpeXFTc=
github.com/sigurn/utils v0.0.0-20151230205143-f19e41f79f8f/go.mod h1:VRI4lXkrUH5Cygl6mbG1BRUfMMoT2o8BkrtBDUAm+GU=
github.com/urfave/cli v1.20.0 h1:fDqGv3UG/4jbVl/QkFwEdddtEDjh/5Ov6X+0B/3bPaw=
github.com/urfave/cli v1.20.0/go.mod h1:70zkFmudgCuE/ngEzBv17Jvp/497gISqfk5gWijbERA=
go.bug.st/serial.v1 v0.0.0-20180827123349-5f7892a7bb45 h1:mACY1anK6HNCZtm/DK2Rf2ZPHggVqeB0+7rY9Gl6wyI=
go.bug.st/serial.v1 v0.0.0-20180827123349-5f7892a7bb45/go.mod h1:dRSl/CVCTf56CkXgJMDOdSwNfo2g1orOGE/gBGdvjZw=
gobot.io/x/gobot v1.12.0 h1:zXz48RRRs7QSEN9fbB03lmNnzgRWCJJHOB10g6r1vEw=
gobot.io/x/gobot v1.12.0/go.mod h1:yQwOPKcHJsXOfrtPaszuiCm/QkUhSNvDwf8+BTrll1A=
golang.org/x/sys v0.0.0-20181026203630-95b1ffbd15a5 h1:x6r4Jo0KNzOOzYd8lbcRsqjuqEASK6ob3auvWYM4/8U=
golang.org/x/sys v0.0.0-20181026203630-95b1ffbd15a5/go.mod h1:STP8DvDyc/dI5b8T5hshtkjS+E42TnysNCUPdjciGhY=
